
Microsoft Visual Studio Solution File, Format Version 12.00
# Visual Studio Version 16
VisualStudioVersion = 16.0.30804.86
MinimumVisualStudioVersion = 10.0.40219.1
Project("{FAE04EC0-301F-11D3-BF4B-00C04F79EFBC}") = "NautaManager", "NautaManager\NautaManager.csproj", "{80EFA89F-3A4F-458D-96EE-A90A2FE75423}"
EndProject
Global
	GlobalSection(SolutionConfigurationPlatforms) = preSolution
		Debug|Any CPU = Debug|Any CPU
		Release|Any CPU = Release|Any CPU
	EndGlobalSection
	GlobalSection(ProjectConfigurationPlatforms) = postSolution
		{80EFA89F-3A4F-458D-96EE-A90A2FE75423}.Debug|Any CPU.ActiveCfg = Debug|Any CPU
		{80EFA89F-3A4F-458D-96EE-A90A2FE75423}.Debug|Any CPU.Build.0 = Debug|Any CPU
		{80EFA89F-3A4F-458D-96EE-A90A2FE75423}.Release|Any CPU.ActiveCfg = Release|Any CPU
		{80EFA89F-3A4F-458D-96EE-A90A2FE75423}.Release|Any CPU.Build.0 = Release|Any CPU
	EndGlobalSection
	GlobalSection(SolutionProperties) = preSolution
		HideSolutionNode = FALSE
	EndGlobalSection
	GlobalSection(ExtensibilityGlobals) = postSolution
		SolutionGuid = {D7620384-D025-4231-B745-A818647583B0}
	EndGlobalSection
EndGlobal
